// !$*UTF8*$!
{
	archiveVersion = 1;
	classes = {
	};
	objectVersion = 56;
	objects = {

/* Begin PBXBuildFile section */
		EFAFCF6A2CCC887700986C04 /* AppDelegate.swift in Sources */ = {isa = PBXBuildFile; fileRef = EFAFCF692CCC887700986C04 /* AppDelegate.swift */; };
		EFAFCF6C2CCC887700986C04 /* SceneDelegate.swift in Sources */ = {isa = PBXBuildFile; fileRef = EFAFCF6B2CCC887700986C04 /* SceneDelegate.swift */; };
		EFAFCF6E2CCC887700986C04 /* ViewController.swift in Sources */ = {isa = PBXBuildFile; fileRef = EFAFCF6D2CCC887700986C04 /* ViewController.swift */; };
		EFAFCF712CCC887700986C04 /* Main.storyboard in Resources */ = {isa = PBXBuildFile; fileRef = EFAFCF6F2CCC887700986C04 /* Main.storyboard */; };
		EFAFCF732CCC887900986C04 /* Assets.xcassets in Resources */ = {isa = PBXBuildFile; fileRef = EFAFCF722CCC887900986C04 /* Assets.xcassets */; };
		EFAFCF762CCC887900986C04 /* LaunchScreen.storyboard in Resources */ = {isa = PBXBuildFile; fileRef = EFAFCF742CCC887900986C04 /* LaunchScreen.storyboard */; };
		EFAFCF812CCC887A00986C04 /* MLTests.swift in Sources */ = {isa = PBXBuildFile; fileRef = EFAFCF802CCC887A00986C04 /* MLTests.swift */; };
		EFAFCF8B2CCC887A00986C04 /* MLUITests.swift in Sources */ = {isa = PBXBuildFile; fileRef = EFAFCF8A2CCC887A00986C04 /* MLUITests.swift */; };
		EFAFCF8D2CCC887A00986C04 /* MLUITestsLaunchTests.swift in Sources */ = {isa = PBXBuildFile; fileRef = EFAFCF8C2CCC887A00986C04 /* MLUITestsLaunchTests.swift */; };
/* End PBXBuildFile section */

/* Begin PBXContainerItemProxy section */
		EFAFCF7D2CCC887A00986C04 /* PBXContainerItemProxy */ = {
			isa = PBXContainerItemProxy;
			containerPortal = EFAFCF5E2CCC887600986C04 /* Project object */;
			proxyType = 1;
			remoteGlobalIDString = EFAFCF652CCC887700986C04;
			remoteInfo = ML;
		};
		EFAFCF872CCC887A00986C04 /* PBXContainerItemProxy */ = {
			isa = PBXContainerItemProxy;
			containerPortal = EFAFCF5E2CCC887600986C04 /* Project object */;
			proxyType = 1;
			remoteGlobalIDString = EFAFCF652CCC887700986C04;
			remoteInfo = ML;
		};
/* End PBXContainerItemProxy section */

/* Begin PBXFileReference section */
		EFAFCF662CCC887700986C04 /* ML.app */ = {isa = PBXFileReference; explicitFileType = wrapper.application; includeInIndex = 0; path = ML.app; sourceTree = BUILT_PRODUCTS_DIR; };
		EFAFCF692CCC887700986C04 /* AppDelegate.swift */ = {isa = PBXFileReference; lastKnownFileType = sourcecode.swift; path = AppDelegate.swift; sourceTree = "<group>"; };
		EFAFCF6B2CCC887700986C04 /* SceneDelegate.swift */ = {isa = PBXFileReference; lastKnownFileType = sourcecode.swift; path = SceneDelegate.swift; sourceTree = "<group>"; };
		EFAFCF6D2CCC887700986C04 /* ViewController.swift */ = {isa = PBXFileReference; lastKnownFileType = sourcecode.swift; path = ViewController.swift; sourceTree = "<group>"; };
		EFAFCF702CCC887700986C04 /* Base */ = {isa = PBXFileReference; lastKnownFileType = file.storyboard; name = Base; path = Base.lproj/Main.storyboard; sourceTree = "<group>"; };
		EFAFCF722CCC887900986C04 /* Assets.xcassets */ = {isa = PBXFileReference; lastKnownFileType = folder.assetcatalog; path = Assets.xcassets; sourceTree = "<group>"; };
		EFAFCF752CCC887900986C04 /* Base */ = {isa = PBXFileReference; lastKnownFileType = file.storyboard; name = Base; path = Base.lproj/LaunchScreen.storyboard; sourceTree = "<group>"; };
		EFAFCF772CCC887900986C04 /* Info.plist */ = {isa = PBXFileReference; lastKnownFileType = text.plist.xml; path = Info.plist; sourceTree = "<group>"; };
		EFAFCF7C2CCC887A00986C04 /* MLTests.xctest */ = {isa = PBXFileReference; explicitFileType = wrapper.cfbundle; includeInIndex = 0; path = MLTests.xctest; sourceTree = BUILT_PRODUCTS_DIR; };
		EFAFCF802CCC887A00986C04 /* MLTests.swift */ = {isa = PBXFileReference; lastKnownFileType = sourcecode.swift; path = MLTests.swift; sourceTree = "<group>"; };
		EFAFCF862CCC887A00986C04 /* MLUITests.xctest */ = {isa = PBXFileReference; explicitFileType = wrapper.cfbundle; includeInIndex = 0; path = MLUITests.xctest; sourceTree = BUILT_PRODUCTS_DIR; };
		EFAFCF8A2CCC887A00986C04 /* MLUITests.swift */ = {isa = PBXFileReference; lastKnownFileType = sourcecode.swift; path = MLUITests.swift; sourceTree = "<group>"; };
		EFAFCF8C2CCC887A00986C04 /* MLUITestsLaunchTests.swift */ = {isa = PBXFileReference; lastKnownFileType = sourcecode.swift; path = MLUITestsLaunchTests.swift; sourceTree = "<group>"; };
/* End PBXFileReference section */

/* Begin PBXFrameworksBuildPhase section */
		EFAFCF632CCC887700986C04 /* Frameworks */ = {
			isa = PBXFrameworksBuildPhase;
			buildActionMask = 2147483647;
			files = (
			);
			runOnlyForDeploymentPostprocessing = 0;
		};
		EFAFCF792CCC887A00986C04 /* Frameworks */ = {
			isa = PBXFrameworksBuildPhase;
			buildActionMask = 2147483647;
			files = (
			);
			runOnlyForDeploymentPostprocessing = 0;
		};
		EFAFCF832CCC887A00986C04 /* Frameworks */ = {
			isa = PBXFrameworksBuildPhase;
			buildActionMask = 2147483647;
			files = (
			);
			runOnlyForDeploymentPostprocessing = 0;
		};
/* End PBXFrameworksBuildPhase section */

/* Begin PBXGroup section */
		EFAFCF5D2CCC887600986C04 = {
			isa = PBXGroup;
			children = (
				EFAFCF682CCC887700986C04 /* ML */,
				EFAFCF7F2CCC887A00986C04 /* MLTests */,
				EFAFCF892CCC887A00986C04 /* MLUITests */,
				EFAFCF672CCC887700986C04 /* Products */,
			);
			sourceTree = "<group>";
		};
		EFAFCF672CCC887700986C04 /* Products */ = {
			isa = PBXGroup;
			children = (
				EFAFCF662CCC887700986C04 /* ML.app */,
				EFAFCF7C2CCC887A00986C04 /* MLTests.xctest */,
				EFAFCF862CCC887A00986C04 /* MLUITests.xctest */,
			);
			name = Products;
			sourceTree = "<group>";
		};
		EFAFCF682CCC887700986C04 /* ML */ = {
			isa = PBXGroup;
			children = (
				EFAFCF692CCC887700986C04 /* AppDelegate.swift */,
				EFAFCF6B2CCC887700986C04 /* SceneDelegate.swift */,
				EFAFCF6D2CCC887700986C04 /* ViewController.swift */,
				EFAFCF6F2CCC887700986C04 /* Main.storyboard */,
				EFAFCF722CCC887900986C04 /* Assets.xcassets */,
				EFAFCF742CCC887900986C04 /* LaunchScreen.storyboard */,
				EFAFCF772CCC887900986C04 /* Info.plist */,
			);
			path = ML;
			sourceTree = "<group>";
		};
		EFAFCF7F2CCC887A00986C04 /* MLTests */ = {
			isa = PBXGroup;
			children = (
				EFAFCF802CCC887A00986C04 /* MLTests.swift */,
			);
			path = MLTests;
			sourceTree = "<group>";
		};
		EFAFCF892CCC887A00986C04 /* MLUITests */ = {
			isa = PBXGroup;
			children = (
				EFAFCF8A2CCC887A00986C04 /* MLUITests.swift */,
				EFAFCF8C2CCC887A00986C04 /* MLUITestsLaunchTests.swift */,
			);
			path = MLUITests;
			sourceTree = "<group>";
		};
/* End PBXGroup section */

/* Begin PBXNativeTarget section */
		EFAFCF652CCC887700986C04 /* ML */ = {
			isa = PBXNativeTarget;
			buildConfigurationList = EFAFCF902CCC887A00986C04 /* Build configuration list for PBXNativeTarget "ML" */;
			buildPhases = (
				EFAFCF622CCC887700986C04 /* Sources */,
				EFAFCF632CCC887700986C04 /* Frameworks */,
				EFAFCF642CCC887700986C04 /* Resources */,
			);
			buildRules = (
			);
			dependencies = (
			);
			name = ML;
			productName = ML;
			productReference = EFAFCF662CCC887700986C04 /* ML.app */;
			productType = "com.apple.product-type.application";
		};
		EFAFCF7B2CCC887A00986C04 /* MLTests */ = {
			isa = PBXNativeTarget;
			buildConfigurationList = EFAFCF932CCC887A00986C04 /* Build configuration list for PBXNativeTarget "MLTests" */;
			buildPhases = (
				EFAFCF782CCC887A00986C04 /* Sources */,
				EFAFCF792CCC887A00986C04 /* Frameworks */,
				EFAFCF7A2CCC887A00986C04 /* Resources */,
			);
			buildRules = (
			);
			dependencies = (
				EFAFCF7E2CCC887A00986C04 /* PBXTargetDependency */,
			);
			name = MLTests;
			productName = MLTests;
			productReference = EFAFCF7C2CCC887A00986C04 /* MLTests.xctest */;
			productType = "com.apple.product-type.bundle.unit-test";
		};
		EFAFCF852CCC887A00986C04 /* MLUITests */ = {
			isa = PBXNativeTarget;
			buildConfigurationList = EFAFCF962CCC887A00986C04 /* Build configuration list for PBXNativeTarget "MLUITests" */;
			buildPhases = (
				EFAFCF822CCC887A00986C04 /* Sources */,
				EFAFCF832CCC887A00986C04 /* Frameworks */,
				EFAFCF842CCC887A00986C04 /* Resources */,
			);
			buildRules = (
			);
			dependencies = (
				EFAFCF882CCC887A00986C04 /* PBXTargetDependency */,
			);
			name = MLUITests;
			productName = MLUITests;
			productReference = EFAFCF862CCC887A00986C04 /* MLUITests.xctest */;
			productType = "com.apple.product-type.bundle.ui-testing";
		};
/* End PBXNativeTarget section */

/* Begin PBXProject section */
		EFAFCF5E2CCC887600986C04 /* Project object */ = {
			isa = PBXProject;
			attributes = {
				BuildIndependentTargetsInParallel = 1;
				LastSwiftUpdateCheck = 1520;
				LastUpgradeCheck = 1520;
				TargetAttributes = {
					EFAFCF652CCC887700986C04 = {
						CreatedOnToolsVersion = 15.2;
					};
					EFAFCF7B2CCC887A00986C04 = {
						CreatedOnToolsVersion = 15.2;
						TestTargetID = EFAFCF652CCC887700986C04;
					};
					EFAFCF852CCC887A00986C04 = {
						CreatedOnToolsVersion = 15.2;
						TestTargetID = EFAFCF652CCC887700986C04;
					};
				};
			};
			buildConfigurationList = EFAFCF612CCC887600986C04 /* Build configuration list for PBXProject "ML" */;
			compatibilityVersion = "Xcode 14.0";
			developmentRegion = en;
			hasScannedForEncodings = 0;
			knownRegions = (
				en,
				Base,
			);
			mainGroup = EFAFCF5D2CCC887600986C04;
			productRefGroup = EFAFCF672CCC887700986C04 /* Products */;
			projectDirPath = "";
			projectRoot = "";
			targets = (
				EFAFCF652CCC887700986C04 /* ML */,
				EFAFCF7B2CCC887A00986C04 /* MLTests */,
				EFAFCF852CCC887A00986C04 /* MLUITests */,
			);
		};
/* End PBXProject section */

/* Begin PBXResourcesBuildPhase section */
		EFAFCF642CCC887700986C04 /* Resources */ = {
			isa = PBXResourcesBuildPhase;
			buildActionMask = 2147483647;
			files = (
				EFAFCF762CCC887900986C04 /* LaunchScreen.storyboard in Resources */,
				EFAFCF732CCC887900986C04 /* Assets.xcassets in Resources */,
				EFAFCF712CCC887700986C04 /* Main.storyboard in Resources */,
			);
			runOnlyForDeploymentPostprocessing = 0;
		};
		EFAFCF7A2CCC887A00986C04 /* Resources */ = {
			isa = PBXResourcesBuildPhase;
			buildActionMask = 2147483647;
			files = (
			);
			runOnlyForDeploymentPostprocessing = 0;
		};
		EFAFCF842CCC887A00986C04 /* Resources */ = {
			isa = PBXResourcesBuildPhase;
			buildActionMask = 2147483647;
			files = (
			);
			runOnlyForDeploymentPostprocessing = 0;
		};
/* End PBXResourcesBuildPhase section */

/* Begin PBXSourcesBuildPhase section */
		EFAFCF622CCC887700986C04 /* Sources */ = {
			isa = PBXSourcesBuildPhase;
			buildActionMask = 2147483647;
			files = (
				EFAFCF6E2CCC887700986C04 /* ViewController.swift in Sources */,
				EFAFCF6A2CCC887700986C04 /* AppDelegate.swift in Sources */,
				EFAFCF6C2CCC887700986C04 /* SceneDelegate.swift in Sources */,
			);
			runOnlyForDeploymentPostprocessing = 0;
		};
		EFAFCF782CCC887A00986C04 /* Sources */ = {
			isa = PBXSourcesBuildPhase;
			buildActionMask = 2147483647;
			files = (
				EFAFCF812CCC887A00986C04 /* MLTests.swift in Sources */,
			);
			runOnlyForDeploymentPostprocessing = 0;
		};
		EFAFCF822CCC887A00986C04 /* Sources */ = {
			isa = PBXSourcesBuildPhase;
			buildActionMask = 2147483647;
			files = (
				EFAFCF8B2CCC887A00986C04 /* MLUITests.swift in Sources */,
				EFAFCF8D2CCC887A00986C04 /* MLUITestsLaunchTests.swift in Sources */,
			);
			runOnlyForDeploymentPostprocessing = 0;
		};
/* End PBXSourcesBuildPhase section */

/* Begin PBXTargetDependency section */
		EFAFCF7E2CCC887A00986C04 /* PBXTargetDependency */ = {
			isa = PBXTargetDependency;
			target = EFAFCF652CCC887700986C04 /* ML */;
			targetProxy = EFAFCF7D2CCC887A00986C04 /* PBXContainerItemProxy */;
		};
		EFAFCF882CCC887A00986C04 /* PBXTargetDependency */ = {
			isa = PBXTargetDependency;
			target = EFAFCF652CCC887700986C04 /* ML */;
			targetProxy = EFAFCF872CCC887A00986C04 /* PBXContainerItemProxy */;
		};
/* End PBXTargetDependency section */

/* Begin PBXVariantGroup section */
		EFAFCF6F2CCC887700986C04 /* Main.storyboard */ = {
			isa = PBXVariantGroup;
			children = (
				EFAFCF702CCC887700986C04 /* Base */,
			);
			name = Main.storyboard;
			sourceTree = "<group>";
		};
		EFAFCF742CCC887900986C04 /* LaunchScreen.storyboard */ = {
			isa = PBXVariantGroup;
			children = (
				EFAFCF752CCC887900986C04 /* Base */,
			);
			name = LaunchScreen.storyboard;
			sourceTree = "<group>";
		};
/* End PBXVariantGroup section */

/* Begin XCBuildConfiguration section */
		EFAFCF8E2CCC887A00986C04 /* Debug */ = {
			isa = XCBuildConfiguration;
			buildSettings = {
				ALWAYS_SEARCH_USER_PATHS = NO;
				ASSETCATALOG_COMPILER_GENERATE_SWIFT_ASSET_SYMBOL_EXTENSIONS = YES;
				CLANG_ANALYZER_NONNULL = YES;
				CLANG_ANALYZER_NUMBER_OBJECT_CONVERSION = YES_AGGRESSIVE;
				CLANG_CXX_LANGUAGE_STANDARD = "gnu++20";
				CLANG_ENABLE_MODULES = YES;
				CLANG_ENABLE_OBJC_ARC = YES;
				CLANG_ENABLE_OBJC_WEAK = YES;
				CLANG_WARN_BLOCK_CAPTURE_AUTORELEASING = YES;
				CLANG_WARN_BOOL_CONVERSION = YES;
				CLANG_WARN_COMMA = YES;
				CLANG_WARN_CONSTANT_CONVERSION = YES;
				CLANG_WARN_DEPRECATED_OBJC_IMPLEMENTATIONS = YES;
				CLANG_WARN_DIRECT_OBJC_ISA_USAGE = YES_ERROR;
				CLANG_WARN_DOCUMENTATION_COMMENTS = YES;
				CLANG_WARN_EMPTY_BODY = YES;
				CLANG_WARN_ENUM_CONVERSION = YES;
				CLANG_WARN_INFINITE_RECURSION = YES;
				CLANG_WARN_INT_CONVERSION = YES;
				CLANG_WARN_NON_LITERAL_NULL_CONVERSION = YES;
				CLANG_WARN_OBJC_IMPLICIT_RETAIN_SELF = YES;
				CLANG_WARN_OBJC_LITERAL_CONVERSION = YES;
				CLANG_WARN_OBJC_ROOT_CLASS = YES_ERROR;
				CLANG_WARN_QUOTED_INCLUDE_IN_FRAMEWORK_HEADER = YES;
				CLANG_WARN_RANGE_LOOP_ANALYSIS = YES;
				CLANG_WARN_STRICT_PROTOTYPES = YES;
				CLANG_WARN_SUSPICIOUS_MOVE = YES;
				CLANG_WARN_UNGUARDED_AVAILABILITY = YES_AGGRESSIVE;
				CLANG_WARN_UNREACHABLE_CODE = YES;
				CLANG_WARN__DUPLICATE_METHOD_MATCH = YES;
				COPY_PHASE_STRIP = NO;
				DEBUG_INFORMATION_FORMAT = dwarf;
				ENABLE_STRICT_OBJC_MSGSEND = YES;
				ENABLE_TESTABILITY = YES;
				ENABLE_USER_SCRIPT_SANDBOXING = YES;
				GCC_C_LANGUAGE_STANDARD = gnu17;
				GCC_DYNAMIC_NO_PIC = NO;
				GCC_NO_COMMON_BLOCKS = YES;
				GCC_OPTIMIZATION_LEVEL = 0;
				GCC_PREPROCESSOR_DEFINITIONS = (
					"DEBUG=1",
					"$(inherited)",
				);
				GCC_WARN_64_TO_32_BIT_CONVERSION = YES;
				GCC_WARN_ABOUT_RETURN_TYPE = YES_ERROR;
				GCC_WARN_UNDECLARED_SELECTOR = YES;
				GCC_WARN_UNINITIALIZED_AUTOS = YES_AGGRESSIVE;
				GCC_WARN_UNUSED_FUNCTION = YES;
				GCC_WARN_UNUSED_VARIABLE = YES;
				IPHONEOS_DEPLOYMENT_TARGET = 17.2;
				LOCALIZATION_PREFERS_STRING_CATALOGS = YES;
				MTL_ENABLE_DEBUG_INFO = INCLUDE_SOURCE;
				MTL_FAST_MATH = YES;
				ONLY_ACTIVE_ARCH = YES;
				SDKROOT = iphoneos;
				SWIFT_ACTIVE_COMPILATION_CONDITIONS = "DEBUG $(inherited)";
				SWIFT_OPTIMIZATION_LEVEL = "-Onone";
			};
			name = Debug;
		};
		EFAFCF8F2CCC887A00986C04 /* Release */ = {
			isa = XCBuildConfiguration;
			buildSettings = {
				ALWAYS_SEARCH_USER_PATHS = NO;
				ASSETCATALOG_COMPILER_GENERATE_SWIFT_ASSET_SYMBOL_EXTENSIONS = YES;
				CLANG_ANALYZER_NONNULL = YES;
				CLANG_ANALYZER_NUMBER_OBJECT_CONVERSION = YES_AGGRESSIVE;
				CLANG_CXX_LANGUAGE_STANDARD = "gnu++20";
				CLANG_ENABLE_MODULES = YES;
				CLANG_ENABLE_OBJC_ARC = YES;
				CLANG_ENABLE_OBJC_WEAK = YES;
				CLANG_WARN_BLOCK_CAPTURE_AUTORELEASING = YES;
				CLANG_WARN_BOOL_CONVERSION = YES;
				CLANG_WARN_COMMA = YES;
				CLANG_WARN_CONSTANT_CONVERSION = YES;
				CLANG_WARN_DEPRECATED_OBJC_IMPLEMENTATIONS = YES;
				CLANG_WARN_DIRECT_OBJC_ISA_USAGE = YES_ERROR;
				CLANG_WARN_DOCUMENTATION_COMMENTS = YES;
				CLANG_WARN_EMPTY_BODY = YES;
				CLANG_WARN_ENUM_CONVERSION = YES;
				CLANG_WARN_INFINITE_RECURSION = YES;
				CLANG_WARN_INT_CONVERSION = YES;
				CLANG_WARN_NON_LITERAL_NULL_CONVERSION = YES;
				CLANG_WARN_OBJC_IMPLICIT_RETAIN_SELF = YES;
				CLANG_WARN_OBJC_LITERAL_CONVERSION = YES;
				CLANG_WARN_OBJC_ROOT_CLASS = YES_ERROR;
				CLANG_WARN_QUOTED_INCLUDE_IN_FRAMEWORK_HEADER = YES;
				CLANG_WARN_RANGE_LOOP_ANALYSIS = YES;
				CLANG_WARN_STRICT_PROTOTYPES = YES;
				CLANG_WARN_SUSPICIOUS_MOVE = YES;
				CLANG_WARN_UNGUARDED_AVAILABILITY = YES_AGGRESSIVE;
				CLANG_WARN_UNREACHABLE_CODE = YES;
				CLANG_WARN__DUPLICATE_METHOD_MATCH = YES;
				COPY_PHASE_STRIP = NO;
				DEBUG_INFORMATION_FORMAT = "dwarf-with-dsym";
				ENABLE_NS_ASSERTIONS = NO;
				ENABLE_STRICT_OBJC_MSGSEND = YES;
				ENABLE_USER_SCRIPT_SANDBOXING = YES;
				GCC_C_LANGUAGE_STANDARD = gnu17;
				GCC_NO_COMMON_BLOCKS = YES;
				GCC_WARN_64_TO_32_BIT_CONVERSION = YES;
				GCC_WARN_ABOUT_RETURN_TYPE = YES_ERROR;
				GCC_WARN_UNDECLARED_SELECTOR = YES;
				GCC_WARN_UNINITIALIZED_AUTOS = YES_AGGRESSIVE;
				GCC_WARN_UNUSED_FUNCTION = YES;
				GCC_WARN_UNUSED_VARIABLE = YES;
				IPHONEOS_DEPLOYMENT_TARGET = 17.2;
				LOCALIZATION_PREFERS_STRING_CATALOGS = YES;
				MTL_ENABLE_DEBUG_INFO = NO;
				MTL_FAST_MATH = YES;
				SDKROOT = iphoneos;
				SWIFT_COMPILATION_MODE = wholemodule;
				VALIDATE_PRODUCT = YES;
			};
			name = Release;
		};
		EFAFCF912CCC887A00986C04 /* Debug */ = {
			isa = XCBuildConfiguration;
			buildSettings = {
				ASSETCATALOG_COMPILER_APPICON_NAME = AppIcon;
				ASSETCATALOG_COMPILER_GLOBAL_ACCENT_COLOR_NAME = AccentColor;
				CODE_SIGN_STYLE = Automatic;
				CURRENT_PROJECT_VERSION = 1;
				DEVELOPMENT_TEAM = T4FJRASHT8;
				GENERATE_INFOPLIST_FILE = YES;
				INFOPLIST_FILE = ML/Info.plist;
				INFOPLIST_KEY_UIApplicationSupportsIndirectInputEvents = YES;
				INFOPLIST_KEY_UILaunchStoryboardName = LaunchScreen;
				INFOPLIST_KEY_UIMainStoryboardFile = Main;
				INFOPLIST_KEY_UISupportedInterfaceOrientations_iPad = "UIInterfaceOrientationPortrait UIInterfaceOrientationPortraitUpsideDown UIInterfaceOrientationLandscapeLeft UIInterfaceOrientationLandscapeRight";
				INFOPLIST_KEY_UISupportedInterfaceOrientations_iPhone = "UIInterfaceOrientationPortrait UIInterfaceOrientationLandscapeLeft UIInterfaceOrientationLandscapeRight";
				LD_RUNPATH_SEARCH_PATHS = (
					"$(inherited)",
					"@executable_path/Frameworks",
				);
				MARKETING_VERSION = 1.0;
				PRODUCT_BUNDLE_IDENTIFIER = com.jphacks.shin5trp.ML;
				PRODUCT_NAME = "$(TARGET_NAME)";
				SWIFT_EMIT_LOC_STRINGS = YES;
				SWIFT_VERSION = 5.0;
				TARGETED_DEVICE_FAMILY = "1,2";
			};
			name = Debug;
		};
		EFAFCF922CCC887A00986C04 /* Release */ = {
			isa = XCBuildConfiguration;
			buildSettings = {
				ASSETCATALOG_COMPILER_APPICON_NAME = AppIcon;
				ASSETCATALOG_COMPILER_GLOBAL_ACCENT_COLOR_NAME = AccentColor;
				CODE_SIGN_STYLE = Automatic;
				CURRENT_PROJECT_VERSION = 1;
				DEVELOPMENT_TEAM = T4FJRASHT8;
				GENERATE_INFOPLIST_FILE = YES;
				INFOPLIST_FILE = ML/Info.plist;
				INFOPLIST_KEY_UIApplicationSupportsIndirectInputEvents = YES;
				INFOPLIST_KEY_UILaunchStoryboardName = LaunchScreen;
				INFOPLIST_KEY_UIMainStoryboardFile = Main;
				INFOPLIST_KEY_UISupportedInterfaceOrientations_iPad = "UIInterfaceOrientationPortrait UIInterfaceOrientationPortraitUpsideDown UIInterfaceOrientationLandscapeLeft UIInterfaceOrientationLandscapeRight";
				INFOPLIST_KEY_UISupportedInterfaceOrientations_iPhone = "UIInterfaceOrientationPortrait UIInterfaceOrientationLandscapeLeft UIInterfaceOrientationLandscapeRight";
				LD_RUNPATH_SEARCH_PATHS = (
					"$(inherited)",
					"@executable_path/Frameworks",
				);
				MARKETING_VERSION = 1.0;
				PRODUCT_BUNDLE_IDENTIFIER = com.jphacks.shin5trp.ML;
				PRODUCT_NAME = "$(TARGET_NAME)";
				SWIFT_EMIT_LOC_STRINGS = YES;
				SWIFT_VERSION = 5.0;
				TARGETED_DEVICE_FAMILY = "1,2";
			};
			name = Release;
		};
		EFAFCF942CCC887A00986C04 /* Debug */ = {
			isa = XCBuildConfiguration;
			buildSettings = {
				ALWAYS_EMBED_SWIFT_STANDARD_LIBRARIES = YES;
				BUNDLE_LOADER = "$(TEST_HOST)";
				CODE_SIGN_STYLE = Automatic;
				CURRENT_PROJECT_VERSION = 1;
				DEVELOPMENT_TEAM = T4FJRASHT8;
				GENERATE_INFOPLIST_FILE = YES;
				IPHONEOS_DEPLOYMENT_TARGET = 17.2;
				MARKETING_VERSION = 1.0;
				PRODUCT_BUNDLE_IDENTIFIER = com.jphacks.shin5trp.MLTests;
				PRODUCT_NAME = "$(TARGET_NAME)";
				SWIFT_EMIT_LOC_STRINGS = NO;
				SWIFT_VERSION = 5.0;
				TARGETED_DEVICE_FAMILY = "1,2";
				TEST_HOST = "$(BUILT_PRODUCTS_DIR)/ML.app/$(BUNDLE_EXECUTABLE_FOLDER_PATH)/ML";
			};
			name = Debug;
		};
		EFAFCF952CCC887A00986C04 /* Release */ = {
			isa = XCBuildConfiguration;
			buildSettings = {
				ALWAYS_EMBED_SWIFT_STANDARD_LIBRARIES = YES;
				BUNDLE_LOADER = "$(TEST_HOST)";
				CODE_SIGN_STYLE = Automatic;
				CURRENT_PROJECT_VERSION = 1;
				DEVELOPMENT_TEAM = T4FJRASHT8;
				GENERATE_INFOPLIST_FILE = YES;
				IPHONEOS_DEPLOYMENT_TARGET = 17.2;
				MARKETING_VERSION = 1.0;
				PRODUCT_BUNDLE_IDENTIFIER = com.jphacks.shin5trp.MLTests;
				PRODUCT_NAME = "$(TARGET_NAME)";
				SWIFT_EMIT_LOC_STRINGS = NO;
				SWIFT_VERSION = 5.0;
				TARGETED_DEVICE_FAMILY = "1,2";
				TEST_HOST = "$(BUILT_PRODUCTS_DIR)/ML.app/$(BUNDLE_EXECUTABLE_FOLDER_PATH)/ML";
			};
			name = Release;
		};
		EFAFCF972CCC887A00986C04 /* Debug */ = {
			isa = XCBuildConfiguration;
			buildSettings = {
				ALWAYS_EMBED_SWIFT_STANDARD_LIBRARIES = YES;
				CODE_SIGN_STYLE = Automatic;
				CURRENT_PROJECT_VERSION = 1;
				DEVELOPMENT_TEAM = T4FJRASHT8;
				GENERATE_INFOPLIST_FILE = YES;
				MARKETING_VERSION = 1.0;
				PRODUCT_BUNDLE_IDENTIFIER = com.jphacks.shin5trp.MLUITests;
				PRODUCT_NAME = "$(TARGET_NAME)";
				SWIFT_EMIT_LOC_STRINGS = NO;
				SWIFT_VERSION = 5.0;
				TARGETED_DEVICE_FAMILY = "1,2";
				TEST_TARGET_NAME = ML;
			};
			name = Debug;
		};
		EFAFCF982CCC887A00986C04 /* Release */ = {
			isa = XCBuildConfiguration;
			buildSettings = {
				ALWAYS_EMBED_SWIFT_STANDARD_LIBRARIES = YES;
				CODE_SIGN_STYLE = Automatic;
				CURRENT_PROJECT_VERSION = 1;
				DEVELOPMENT_TEAM = T4FJRASHT8;
				GENERATE_INFOPLIST_FILE = YES;
				MARKETING_VERSION = 1.0;
				PRODUCT_BUNDLE_IDENTIFIER = com.jphacks.shin5trp.MLUITests;
				PRODUCT_NAME = "$(TARGET_NAME)";
				SWIFT_EMIT_LOC_STRINGS = NO;
				SWIFT_VERSION = 5.0;
				TARGETED_DEVICE_FAMILY = "1,2";
				TEST_TARGET_NAME = ML;
			};
			name = Release;
		};
/* End XCBuildConfiguration section */

/* Begin XCConfigurationList section */
		EFAFCF612CCC887600986C04 /* Build configuration list for PBXProject "ML" */ = {
			isa = XCConfigurationList;
			buildConfigurations = (
				EFAFCF8E2CCC887A00986C04 /* Debug */,
				EFAFCF8F2CCC887A00986C04 /* Release */,
			);
			defaultConfigurationIsVisible = 0;
			defaultConfigurationName = Release;
		};
		EFAFCF902CCC887A00986C04 /* Build configuration list for PBXNativeTarget "ML" */ = {
			isa = XCConfigurationList;
			buildConfigurations = (
				EFAFCF912CCC887A00986C04 /* Debug */,
				EFAFCF922CCC887A00986C04 /* Release */,
			);
			defaultConfigurationIsVisible = 0;
			defaultConfigurationName = Release;
		};
		EFAFCF932CCC887A00986C04 /* Build configuration list for PBXNativeTarget "MLTests" */ = {
			isa = XCConfigurationList;
			buildConfigurations = (
				EFAFCF942CCC887A00986C04 /* Debug */,
				EFAFCF952CCC887A00986C04 /* Release */,
			);
			defaultConfigurationIsVisible = 0;
			defaultConfigurationName = Release;
		};
		EFAFCF962CCC887A00986C04 /* Build configuration list for PBXNativeTarget "MLUITests" */ = {
			isa = XCConfigurationList;
			buildConfigurations = (
				EFAFCF972CCC887A00986C04 /* Debug */,
				EFAFCF982CCC887A00986C04 /* Release */,
			);
			defaultConfigurationIsVisible = 0;
			defaultConfigurationName = Release;
		};
/* End XCConfigurationList section */
	};
	rootObject = EFAFCF5E2CCC887600986C04 /* Project object */;
}
